
Microsoft Visual Studio Solution File, Format Version 12.00
# Visual Studio 15
VisualStudioVersion = 15.0.27703.2026
MinimumVisualStudioVersion = 10.0.40219.1
Project("{2150E333-8FDC-42A3-9474-1A3956D46DE8}") = "Libraryes", "Libraryes", "{95F5EEDB-DE3F-4B7F-9078-286FBC3E868A}"
EndProject
Project("{FAE04EC0-301F-11D3-BF4B-00C04F79EFBC}") = "VipCRM.Core", "src\VipCRM.Core\VipCRM.Core.csproj", "{F0105CD6-4762-415E-8A01-2B6E7BD9906E}"
EndProject
Project("{FAE04EC0-301F-11D3-BF4B-00C04F79EFBC}") = "VipCRM.Data", "src\VipCRM.Data\VipCRM.Data.csproj", "{B6AFADDA-D1EE-4A7F-9B96-BFAA64099D97}"
EndProject
Project("{2150E333-8FDC-42A3-9474-1A3956D46DE8}") = "1 - Presentation", "1 - Presentation", "{F1E657A7-E8F5-4BB5-9CCC-F4D0F712C932}"
EndProject
Project("{2150E333-8FDC-42A3-9474-1A3956D46DE8}") = "MVC", "MVC", "{CCA5259C-4D70-4435-9017-E766D1099E5A}"
EndProject
Project("{FAE04EC0-301F-11D3-BF4B-00C04F79EFBC}") = "VipCRM.Web", "VipCRM.Web\VipCRM.Web.csproj", "{CD15C1AD-504F-4079-8368-5DCB70B1C620}"
EndProject
Project("{2150E333-8FDC-42A3-9474-1A3956D46DE8}") = "Application", "Application", "{1D1F9532-6A5C-4A2C-BE0B-A08741146C6E}"
EndProject
Project("{FAE04EC0-301F-11D3-BF4B-00C04F79EFBC}") = "VipCRM.Application.MVC", "src\VipCRM.Application.MVC\VipCRM.Application.MVC.csproj", "{A322AD37-140B-45D2-A9F0-259605D9917C}"
EndProject
Project("{2150E333-8FDC-42A3-9474-1A3956D46DE8}") = "MVC", "MVC", "{C682B6FD-1E1D-4212-85A4-77900CE9D8BD}"
EndProject
Project("{2150E333-8FDC-42A3-9474-1A3956D46DE8}") = "CrossCutting", "CrossCutting", "{A2B51B97-8651-41BC-8F4F-948A3A8B27F2}"
EndProject
Project("{FAE04EC0-301F-11D3-BF4B-00C04F79EFBC}") = "Vip.CrossCutting.IoC", "src\Vip.CrossCutting.IoC\Vip.CrossCutting.IoC.csproj", "{C5C379AB-4EED-4CA3-9CE8-9497C1D44CE1}"
EndProject
Project("{FAE04EC0-301F-11D3-BF4B-00C04F79EFBC}") = "VipCRM.Web.Framework", "src\VipCRM.Web.Framework\VipCRM.Web.Framework.csproj", "{655E86DD-BB46-4BDB-9361-28E491828AC5}"
EndProject
Global
	GlobalSection(SolutionConfigurationPlatforms) = preSolution
		Debug|Any CPU = Debug|Any CPU
		Release|Any CPU = Release|Any CPU
	EndGlobalSection
	GlobalSection(ProjectConfigurationPlatforms) = postSolution
		{F0105CD6-4762-415E-8A01-2B6E7BD9906E}.Debug|Any CPU.ActiveCfg = Debug|Any CPU
		{F0105CD6-4762-415E-8A01-2B6E7BD9906E}.Debug|Any CPU.Build.0 = Debug|Any CPU
		{F0105CD6-4762-415E-8A01-2B6E7BD9906E}.Release|Any CPU.ActiveCfg = Release|Any CPU
		{F0105CD6-4762-415E-8A01-2B6E7BD9906E}.Release|Any CPU.Build.0 = Release|Any CPU
		{B6AFADDA-D1EE-4A7F-9B96-BFAA64099D97}.Debug|Any CPU.ActiveCfg = Debug|Any CPU
		{B6AFADDA-D1EE-4A7F-9B96-BFAA64099D97}.Debug|Any CPU.Build.0 = Debug|Any CPU
		{B6AFADDA-D1EE-4A7F-9B96-BFAA64099D97}.Release|Any CPU.ActiveCfg = Release|Any CPU
		{B6AFADDA-D1EE-4A7F-9B96-BFAA64099D97}.Release|Any CPU.Build.0 = Release|Any CPU
		{CD15C1AD-504F-4079-8368-5DCB70B1C620}.Debug|Any CPU.ActiveCfg = Debug|Any CPU
		{CD15C1AD-504F-4079-8368-5DCB70B1C620}.Debug|Any CPU.Build.0 = Debug|Any CPU
		{CD15C1AD-504F-4079-8368-5DCB70B1C620}.Release|Any CPU.ActiveCfg = Release|Any CPU
		{CD15C1AD-504F-4079-8368-5DCB70B1C620}.Release|Any CPU.Build.0 = Release|Any CPU
		{A322AD37-140B-45D2-A9F0-259605D9917C}.Debug|Any CPU.ActiveCfg = Debug|Any CPU
		{A322AD37-140B-45D2-A9F0-259605D9917C}.Debug|Any CPU.Build.0 = Debug|Any CPU
		{A322AD37-140B-45D2-A9F0-259605D9917C}.Release|Any CPU.ActiveCfg = Release|Any CPU
		{A322AD37-140B-45D2-A9F0-259605D9917C}.Release|Any CPU.Build.0 = Release|Any CPU
		{C5C379AB-4EED-4CA3-9CE8-9497C1D44CE1}.Debug|Any CPU.ActiveCfg = Debug|Any CPU
		{C5C379AB-4EED-4CA3-9CE8-9497C1D44CE1}.Debug|Any CPU.Build.0 = Debug|Any CPU
		{C5C379AB-4EED-4CA3-9CE8-9497C1D44CE1}.Release|Any CPU.ActiveCfg = Release|Any CPU
		{C5C379AB-4EED-4CA3-9CE8-9497C1D44CE1}.Release|Any CPU.Build.0 = Release|Any CPU
		{655E86DD-BB46-4BDB-9361-28E491828AC5}.Debug|Any CPU.ActiveCfg = Debug|Any CPU
		{655E86DD-BB46-4BDB-9361-28E491828AC5}.Debug|Any CPU.Build.0 = Debug|Any CPU
		{655E86DD-BB46-4BDB-9361-28E491828AC5}.Release|Any CPU.ActiveCfg = Release|Any CPU
		{655E86DD-BB46-4BDB-9361-28E491828AC5}.Release|Any CPU.Build.0 = Release|Any CPU
	EndGlobalSection
	GlobalSection(SolutionProperties) = preSolution
		HideSolutionNode = FALSE
	EndGlobalSection
	GlobalSection(NestedProjects) = preSolution
		{F0105CD6-4762-415E-8A01-2B6E7BD9906E} = {95F5EEDB-DE3F-4B7F-9078-286FBC3E868A}
		{B6AFADDA-D1EE-4A7F-9B96-BFAA64099D97} = {95F5EEDB-DE3F-4B7F-9078-286FBC3E868A}
		{CCA5259C-4D70-4435-9017-E766D1099E5A} = {F1E657A7-E8F5-4BB5-9CCC-F4D0F712C932}
		{CD15C1AD-504F-4079-8368-5DCB70B1C620} = {CCA5259C-4D70-4435-9017-E766D1099E5A}
		{A322AD37-140B-45D2-A9F0-259605D9917C} = {C682B6FD-1E1D-4212-85A4-77900CE9D8BD}
		{C682B6FD-1E1D-4212-85A4-77900CE9D8BD} = {1D1F9532-6A5C-4A2C-BE0B-A08741146C6E}
		{C5C379AB-4EED-4CA3-9CE8-9497C1D44CE1} = {A2B51B97-8651-41BC-8F4F-948A3A8B27F2}
		{655E86DD-BB46-4BDB-9361-28E491828AC5} = {CCA5259C-4D70-4435-9017-E766D1099E5A}
	EndGlobalSection
	GlobalSection(ExtensibilityGlobals) = postSolution
		SolutionGuid = {94AA9190-430C-4E78-9965-B8590406822B}
	EndGlobalSection
EndGlobal
